Microsoft Visual Studio Solution File, Format Version 12.00
# Visual Studio 2012
Project("{FAE04EC0-301F-11D3-BF4B-00C04F79EFBC}") = "Assemble Alpha", "Assemble Alpha.csproj", "{FD58C3F8-52DB-4339-AA7E-C79DE9EE2671}"
EndProject
Global
	GlobalSection(SolutionConfigurationPlatforms) = preSolution
	Debug|Any CPU = Debug|Any CPU
	Release|Any CPU = Release|Any CPU
	Tools|Any CPU = Tools|Any CPU
	EndGlobalSection
	GlobalSection(ProjectConfigurationPlatforms) = postSolution
		{FD58C3F8-52DB-4339-AA7E-C79DE9EE2671}.Debug|Any CPU.ActiveCfg = Debug|Any CPU
		{FD58C3F8-52DB-4339-AA7E-C79DE9EE2671}.Debug|Any CPU.Build.0 = Debug|Any CPU
		{FD58C3F8-52DB-4339-AA7E-C79DE9EE2671}.Release|Any CPU.ActiveCfg = Release|Any CPU
		{FD58C3F8-52DB-4339-AA7E-C79DE9EE2671}.Release|Any CPU.Build.0 = Release|Any CPU
		{FD58C3F8-52DB-4339-AA7E-C79DE9EE2671}.Tools|Any CPU.ActiveCfg = Tools|Any CPU
		{FD58C3F8-52DB-4339-AA7E-C79DE9EE2671}.Tools|Any CPU.Build.0 = Tools|Any CPU
	EndGlobalSection
EndGlobal
