Microsoft Visual Studio Solution File, Format Version 12.00
# Visual Studio 2012
Project("{FAE04EC0-301F-11D3-BF4B-00C04F79EFBC}") = "Assemble 3.1 RC 1", "Assemble 3.1 RC 1.csproj", "{DF803047-882C-493F-9ED7-7A7713D33693}"
EndProject
Global
	GlobalSection(SolutionConfigurationPlatforms) = preSolution
	Debug|Any CPU = Debug|Any CPU
	Release|Any CPU = Release|Any CPU
	Tools|Any CPU = Tools|Any CPU
	EndGlobalSection
	GlobalSection(ProjectConfigurationPlatforms) = postSolution
		{DF803047-882C-493F-9ED7-7A7713D33693}.Debug|Any CPU.ActiveCfg = Debug|Any CPU
		{DF803047-882C-493F-9ED7-7A7713D33693}.Debug|Any CPU.Build.0 = Debug|Any CPU
		{DF803047-882C-493F-9ED7-7A7713D33693}.Release|Any CPU.ActiveCfg = Release|Any CPU
		{DF803047-882C-493F-9ED7-7A7713D33693}.Release|Any CPU.Build.0 = Release|Any CPU
		{DF803047-882C-493F-9ED7-7A7713D33693}.Tools|Any CPU.ActiveCfg = Tools|Any CPU
		{DF803047-882C-493F-9ED7-7A7713D33693}.Tools|Any CPU.Build.0 = Tools|Any CPU
	EndGlobalSection
EndGlobal
